{
  "name": "ngs-components",
  "version": "0.0.1",
  "lockfileVersion": 1,
  "requires": true,
  "dependencies": {
    "@natgeosociety/ngkit": {
      "version": "2.25.5",
      "resolved": "https://registry.npmjs.org/@natgeosociety/ngkit/-/ngkit-2.25.5.tgz",
      "integrity": "sha512-RZlHPZRfEEx/HikHvkmLf2ASfnyrJGn7v1LSWiB1Zr75uW35SnbFTYagVlzF5kFdFydcZshLxzl/NA65DqVUfA==",
      "requires": {
        "countup.js": "1.8.5",
        "jquery": "2.2.1",
        "lazysizes": "2.0.0"
      },
      "dependencies": {
        "jquery": {
          "version": "2.2.1",
          "resolved": "https://registry.npmjs.org/jquery/-/jquery-2.2.1.tgz",
          "integrity": "sha1-PD4WhUrT0qxErGUCGxdCbSKtgD8="
        }
      }
    },
    "@natgeosociety/ngkit3": {
      "version": "3.3.1",
      "resolved": "https://registry.npmjs.org/@natgeosociety/ngkit3/-/ngkit3-3.3.1.tgz",
      "integrity": "sha512-v5Aks/HY7LD8mfZdCr9WOAJJypBjnxAjf6nx1Zq2f+w5pbx73YLxEQSe6zB4NaJLR9gN7S6ylvUbYPaV+pb1Cw==",
      "requires": {
        "@natgeosociety/ngkit": "2.24.0",
        "uikit": "^3.1.4"
      },
      "dependencies": {
        "@natgeosociety/ngkit": {
          "version": "2.24.0",
          "resolved": "https://registry.npmjs.org/@natgeosociety/ngkit/-/ngkit-2.24.0.tgz",
          "integrity": "sha512-oeMWIaOkKDsBJD7UuqXm0ldj0v7DggNkENlqj7OoYVDCqkDpNO9LgQnfLtI7RjmFMwb/vcyYJYeSSMYwex7AkA==",
          "requires": {
            "countup.js": "1.8.5",
            "jquery": "2.2.1",
            "lazysizes": "2.0.0"
          },
          "dependencies": {
            "jquery": {
              "version": "2.2.1",
              "resolved": "https://registry.npmjs.org/jquery/-/jquery-2.2.1.tgz",
              "integrity": "sha1-PD4WhUrT0qxErGUCGxdCbSKtgD8="
            }
          }
        }
      }
    },
    "@stencil/core": {
      "version": "1.6.1",
      "resolved": "https://registry.npmjs.org/@stencil/core/-/core-1.6.1.tgz",
      "integrity": "sha512-XnC/8O2znZTOrcBvOdnz/oK8EM7xDaDJnLyUAmIHp0XhDrYVk6W8sjoHfmwReEEWqm4nrb8ta7Vkfdp6ToeAvw==",
      "dev": true,
      "requires": {
        "typescript": "3.6.3"
      }
    },
    "countup.js": {
      "version": "1.8.5",
      "resolved": "https://registry.npmjs.org/countup.js/-/countup.js-1.8.5.tgz",
      "integrity": "sha1-CUH2LGBYNcYBR4tF6MCWsW1+mIE="
    },
    "jquery": {
      "version": "3.4.1",
      "resolved": "https://registry.npmjs.org/jquery/-/jquery-3.4.1.tgz",
      "integrity": "sha512-36+AdBzCL+y6qjw5Tx7HgzeGCzC81MDDgaUP8ld2zhx58HdqXGoBd+tHdrBMiyjGQs0Hxs/MLZTu/eHNJJuWPw=="
    },
    "lazysizes": {
      "version": "2.0.0",
      "resolved": "https://registry.npmjs.org/lazysizes/-/lazysizes-2.0.0.tgz",
      "integrity": "sha1-5Zxub3JUlcn5mNaE1394Rcqp5Xo="
    },
    "typescript": {
      "version": "3.6.3",
      "resolved": "https://registry.npmjs.org/typescript/-/typescript-3.6.3.tgz",
      "integrity": "sha512-N7bceJL1CtRQ2RiG0AQME13ksR7DiuQh/QehubYcghzv20tnh+MQnQIuJddTmsbqYj+dztchykemz0zFzlvdQw==",
      "dev": true
    },
    "uikit": {
      "version": "3.2.1",
      "resolved": "https://registry.npmjs.org/uikit/-/uikit-3.2.1.tgz",
      "integrity": "sha512-8mhv3n7m9/kGYv1+YPjTDGbI7HKK1o79wOyhpznoNYVTGhr1cwaTACITVVoUYONJxdqmIIGBA2OkKhMQ8zXwBg=="
    }
  }
}
